github.com/braheezy/shine-mp3 v0.2.0 h1:0OwmbVLfQFe4c5+UjV5FF4NKedxYw0qHnP5rDOs/wjU=
github.com/braheezy/shine-mp3 v0.2.0/go.mod h1:0H/pmcpFAd+Fnrj6Pc7du7wL36U/HqtfcgPJuCgc1L4=
github.com/ebitengine/purego v0.10.0 h1:QIw4xfpWT6GWTzaW5XEKy3HXoqrJGx1ijYHzTF0/ISU=
github.com/ebitengine/purego v0.10.0/go.mod h1:iIjxzd6CiRiOG0UyXP+V1+jWqUXVjPKLAI0mRfJZTmQ=
github.com/gen2brain/raylib-go/raylib v0.60.1 h1:bZ9fRMOeIasK5Z9fNL8lnNVbCv9LevGIN//+gdvP+Zc=
github.com/gen2brain/raylib-go/raylib v0.60.1/go.mod h1:puAMU7Zcx6VJ6pcZSSs3gGFPyFvJuTwQlfm4KzeoXy8=
github.com/go-audio/audio v1.0.0 h1:zS9vebldgbQqktK4H0lUqWrG8P0NxCJVqcj7ZpNnwd4=
github.com/go-audio/audio v1.0.0/go.mod h1:6uAu0+H2lHkwdGsAY+j2wHPNPpPoeg5AaEFh9FlA+Zs=
github.com/go-audio/riff v1.0.0 h1:d8iCGbDvox9BfLagY94fBynxSPHO80LmZCaOsmKxokA=
github.com/go-audio/riff v1.0.0/go.mod h1:l3cQwc85y79NQFCRB7TiPoNiaijp6q8Z0Uv38rVG498=
github.com/go-audio/wav v1.1.0 h1:jQgLtbqBzY7G+BM8fXF7AHUk1uHUviWS4X39d5rsL2g=
github.com/go-audio/wav v1.1.0/go.mod h1:mpe9qfwbScEbkd8uybLuIpTgHyrISw/OTuvjUW2iGtE=
github.com/go-ole/go-ole v1.3.0 h1:Dt6ye7+vXGIKZ7Xtk4s6/xVdGDQynvom7xCFEdWr6uE=
github.com/go-ole/go-ole v1.3.0/go.mod h1:5LS6F96DhAwUc7C+1HLexzMXY1xGRSryjyPPKW6zv78=
github.com/joshuaferrara/go-satellite v0.0.0-20220611180459-512638c64e5b h1:JlltDRgni6FuoFwluvoZCrE6cmpojccO4WsqeYlFJLE=
github.com/joshuaferrara/go-satellite v0.0.0-20220611180459-512638c64e5b/go.mod h1:msW2QeN9IsnRyvuK8OBAzBwn6DHwXpiAiqBk8dbLfrU=
github.com/jupiterrider/ffi v0.7.0 h1:RKsl6Ascal+3kyAqR5Qcbp83LceQMLc1VZbPfHWoNzs=
github.com/jupiterrider/ffi v0.7.0/go.mod h1:9dauhpOfNqrqk28fxuu0kkdeFtT9Qr4vbfigiuIXN7c=
github.com/onsi/ginkgo v1.2.1-0.20160509182050-5437a97bf824 h1:MbMqwlWoESqhGm4Sslfdyeq7Ww8R9ppeKS5DcO3xDI0=
github.com/onsi/ginkgo v1.2.1-0.20160509182050-5437a97bf824/go.mod h1:lLunBs/Ym6LB5Z9jYTR76FiuTmxDTDusOGeTQH+WWjE=
github.com/onsi/gomega v0.0.0-20160516222431-c73e51675ad2 h1:38zSYUaJJkzreBjLz7tx4AUTVjnFI7EQBnlRoWt4QFA=
github.com/onsi/gomega v0.0.0-20160516222431-c73e51675ad2/go.mod h1:C1qb7wdrVGGVU+Z6iS04AVkA3Q65CEZX59MT0QO5uiA=
github.com/pkg/errors v0.9.1 h1:FEBLx1zS214owpjy7qsBeixbURkuhQAwrK5UwLGTwt4=
github.com/pkg/errors v0.9.1/go.mod h1:bwawxfHBFNV+L2hUp1rHADufV3IMtnDRdf1r5NINEl0=
github.com/skip2/go-qrcode v0.0.0-20200617195104-da1b6568686e h1:MRM5ITcdelLK2j1vwZ3Je0FKVCfqOLp5zO6trqMLYs0=
github.com/skip2/go-qrcode v0.0.0-20200617195104-da1b6568686e/go.mod h1:XV66xRDqSt+GTGFMVlhk3ULuV0y9ZmzeVGR4mloJI3M=
golang.org/x/exp v0.0.0-20240506185415-9bf2ced13842 h1:vr/HnozRka3pE4EsMEg1lgkXJkTFJCVUX+S/ZT6wYzM=
golang.org/x/exp v0.0.0-20240506185415-9bf2ced13842/go.mod h1:XtvwrStGgqGPLc4cjQfWqZHG1YFdYs6swckp8vpsjnc=
golang.org/x/sys v0.1.0 h1:kunALQeHf1/185U1i0GOB/fy1IPRDDpuoOOqRReG57U=
golang.org/x/sys v0.1.0/go.mod h1:oPkhp1MJrh7nUepCBck5+mAzfO9JrbApNNgaTdGDITg=
gopkg.in/yaml.v2 v2.0.0-20160301204022-a83829b6f129 h1:RBgb9aPUbZ9nu66ecQNIBNsA7j3mB5h8PNDIfhPjaJg=
gopkg.in/yaml.v2 v2.0.0-20160301204022-a83829b6f129/go.mod h1:JAlM8MvJe8wmxCU4Bli9HhUf9+ttbYbLASfIpnQbh74=
